// !$*UTF8*$!
{
	archiveVersion = 1;
	classes = {
	};
	objectVersion = 77;
	objects = {

/* Begin PBXBuildFile section */
		4E1ECC242F4DC7B7009D22B3 /* Supabase in Frameworks */ = {isa = PBXBuildFile; productRef = 4E1ECC232F4DC7B7009D22B3 /* Supabase */; };
		4E629DC82F4DE47B009F8DCE /* Model.xcdatamodeld in Sources */ = {isa = PBXBuildFile; fileRef = 4E629DC62F4DE47B009F8DCE /* Model.xcdatamodeld */; };
		4ED5CF812F4DC25F009A421B /* Auth in Frameworks */ = {isa = PBXBuildFile; productRef = 4ED5CF802F4DC25F009A421B /* Auth */; };
		4ED5CF832F4DC25F009A421B /* Functions in Frameworks */ = {isa = PBXBuildFile; productRef = 4ED5CF822F4DC25F009A421B /* Functions */; };
		4ED5CF852F4DC25F009A421B /* PostgREST in Frameworks */ = {isa = PBXBuildFile; productRef = 4ED5CF842F4DC25F009A421B /* PostgREST */; };
		4ED5CF872F4DC25F009A421B /* Realtime in Frameworks */ = {isa = PBXBuildFile; productRef = 4ED5CF862F4DC25F009A421B /* Realtime */; };
		4ED5CF892F4DC25F009A421B /* Storage in Frameworks */ = {isa = PBXBuildFile; productRef = 4ED5CF882F4DC25F009A421B /* Storage */; };
		4EF23B862F4C5FD200C0AA16 /* WidgetKit.framework in Frameworks */ = {isa = PBXBuildFile; fileRef = 4EF23B852F4C5FD200C0AA16 /* WidgetKit.framework */; };
		4EF23B882F4C5FD200C0AA16 /* SwiftUI.framework in Frameworks */ = {isa = PBXBuildFile; fileRef = 4EF23B872F4C5FD200C0AA16 /* SwiftUI.framework */; };
		4EF23B972F4C5FD400C0AA16 /* HabitWidgetExtension.appex in Embed Foundation Extensions */ = {isa = PBXBuildFile; fileRef = 4EF23B832F4C5FD200C0AA16 /* HabitWidgetExtension.appex */; settings = {ATTRIBUTES = (RemoveHeadersOnCopy, ); }; };
/* End PBXBuildFile section */

/* Begin PBXContainerItemProxy section */
		4E4440642F4D9A6D00BEE41C /* PBXContainerItemProxy */ = {
			isa = PBXContainerItemProxy;
			containerPortal = 4E93E3D42F3B26D8008CD8C7 /* Project object */;
			proxyType = 1;
			remoteGlobalIDString = 4E93E3DB2F3B26D8008CD8C7;
			remoteInfo = BusinessHabitDashboardApp;
		};
		4EF23B952F4C5FD400C0AA16 /* PBXContainerItemProxy */ = {
			isa = PBXContainerItemProxy;
			containerPortal = 4E93E3D42F3B26D8008CD8C7 /* Project object */;
			proxyType = 1;
			remoteGlobalIDString = 4EF23B822F4C5FD200C0AA16;
			remoteInfo = HabitWidgetExtension;
		};
/* End PBXContainerItemProxy section */

/* Begin PBXCopyFilesBuildPhase section */
		4EF23B982F4C5FD400C0AA16 /* Embed Foundation Extensions */ = {
			isa = PBXCopyFilesBuildPhase;
			buildActionMask = 2147483647;
			dstPath = "";
			dstSubfolderSpec = 13;
			files = (
				4EF23B972F4C5FD400C0AA16 /* HabitWidgetExtension.appex in Embed Foundation Extensions */,
			);
			name = "Embed Foundation Extensions";
			runOnlyForDeploymentPostprocessing = 0;
		};
/* End PBXCopyFilesBuildPhase section */

/* Begin PBXFileReference section */
		4E4440602F4D9A6D00BEE41C /* BusinessHabitDashboardAppTests.xctest */ = {isa = PBXFileReference; explicitFileType = wrapper.cfbundle; includeInIndex = 0; path = BusinessHabitDashboardAppTests.xctest; sourceTree = BUILT_PRODUCTS_DIR; };
		4E629DC72F4DE47B009F8DCE /* Model.xcdatamodel */ = {isa = PBXFileReference; lastKnownFileType = wrapper.xcdatamodel; path = Model.xcdatamodel; sourceTree = "<group>"; };
		4E741FCF2F4C675300B61B91 /* HabitWidgetExtension.entitlements */ = {isa = PBXFileReference; lastKnownFileType = text.plist.entitlements; path = HabitWidgetExtension.entitlements; sourceTree = "<group>"; };
		4E93E3DC2F3B26D8008CD8C7 /* BusinessHabitDashboardApp.app */ = {isa = PBXFileReference; explicitFileType = wrapper.application; includeInIndex = 0; path = BusinessHabitDashboardApp.app; sourceTree = BUILT_PRODUCTS_DIR; };
		4EF23B832F4C5FD200C0AA16 /* HabitWidgetExtension.appex */ = {isa = PBXFileReference; explicitFileType = "wrapper.app-extension"; includeInIndex = 0; path = HabitWidgetExtension.appex; sourceTree = BUILT_PRODUCTS_DIR; };
		4EF23B852F4C5FD200C0AA16 /* WidgetKit.framework */ = {isa = PBXFileReference; lastKnownFileType = wrapper.framework; name = WidgetKit.framework; path = System/Library/Frameworks/WidgetKit.framework; sourceTree = SDKROOT; };
		4EF23B872F4C5FD200C0AA16 /* SwiftUI.framework */ = {isa = PBXFileReference; lastKnownFileType = wrapper.framework; name = SwiftUI.framework; path = System/Library/Frameworks/SwiftUI.framework; sourceTree = SDKROOT; };
/* End PBXFileReference section */

/* Begin PBXFileSystemSynchronizedBuildFileExceptionSet section */
		4E38D7292F44A2E3004B8A5E /* Exceptions for "BusinessHabitDashboardApp" folder in "BusinessHabitDashboardApp" target */ = {
			isa = PBXFileSystemSynchronizedBuildFileExceptionSet;
			membershipExceptions = (
				Info.plist,
			);
			target = 4E93E3DB2F3B26D8008CD8C7 /* BusinessHabitDashboardApp */;
		};
		4EF23B9C2F4C5FD400C0AA16 /* Exceptions for "HabitWidget" folder in "HabitWidgetExtension" target */ = {
			isa = PBXFileSystemSynchronizedBuildFileExceptionSet;
			membershipExceptions = (
				Info.plist,
			);
			target = 4EF23B822F4C5FD200C0AA16 /* HabitWidgetExtension */;
		};
/* End PBXFileSystemSynchronizedBuildFileExceptionSet section */

/* Begin PBXFileSystemSynchronizedRootGroup section */
		4E4440612F4D9A6D00BEE41C /* BusinessHabitDashboardAppTests */ = {
			isa = PBXFileSystemSynchronizedRootGroup;
			path = BusinessHabitDashboardAppTests;
			sourceTree = "<group>";
		};
		4E93E3DE2F3B26D8008CD8C7 /* BusinessHabitDashboardApp */ = {
			isa = PBXFileSystemSynchronizedRootGroup;
			exceptions = (
				4E38D7292F44A2E3004B8A5E /* Exceptions for "BusinessHabitDashboardApp" folder in "BusinessHabitDashboardApp" target */,
			);
			path = BusinessHabitDashboardApp;
			sourceTree = "<group>";
		};
		4EF23B892F4C5FD200C0AA16 /* HabitWidget */ = {
			isa = PBXFileSystemSynchronizedRootGroup;
			exceptions = (
				4EF23B9C2F4C5FD400C0AA16 /* Exceptions for "HabitWidget" folder in "HabitWidgetExtension" target */,
			);
			path = HabitWidget;
			sourceTree = "<group>";
		};
/* End PBXFileSystemSynchronizedRootGroup section */

/* Begin PBXFrameworksBuildPhase section */
		4E44405D2F4D9A6D00BEE41C /* Frameworks */ = {
			isa = PBXFrameworksBuildPhase;
			buildActionMask = 2147483647;
			files = (
			);
			runOnlyForDeploymentPostprocessing = 0;
		};
		4E93E3D92F3B26D8008CD8C7 /* Frameworks */ = {
			isa = PBXFrameworksBuildPhase;
			buildActionMask = 2147483647;
			files = (
				4ED5CF852F4DC25F009A421B /* PostgREST in Frameworks */,
				4ED5CF832F4DC25F009A421B /* Functions in Frameworks */,
				4E1ECC242F4DC7B7009D22B3 /* Supabase in Frameworks */,
				4ED5CF812F4DC25F009A421B /* Auth in Frameworks */,
				4ED5CF892F4DC25F009A421B /* Storage in Frameworks */,
				4ED5CF872F4DC25F009A421B /* Realtime in Frameworks */,
			);
			runOnlyForDeploymentPostprocessing = 0;
		};
		4EF23B802F4C5FD200C0AA16 /* Frameworks */ = {
			isa = PBXFrameworksBuildPhase;
			buildActionMask = 2147483647;
			files = (
				4EF23B882F4C5FD200C0AA16 /* SwiftUI.framework in Frameworks */,
				4EF23B862F4C5FD200C0AA16 /* WidgetKit.framework in Frameworks */,
			);
			runOnlyForDeploymentPostprocessing = 0;
		};
/* End PBXFrameworksBuildPhase section */

/* Begin PBXGroup section */
		4E93E3D32F3B26D8008CD8C7 = {
			isa = PBXGroup;
			children = (
				4E629DC62F4DE47B009F8DCE /* Model.xcdatamodeld */,
				4E741FCF2F4C675300B61B91 /* HabitWidgetExtension.entitlements */,
				4E93E3DE2F3B26D8008CD8C7 /* BusinessHabitDashboardApp */,
				4EF23B892F4C5FD200C0AA16 /* HabitWidget */,
				4E4440612F4D9A6D00BEE41C /* BusinessHabitDashboardAppTests */,
				4EF23B842F4C5FD200C0AA16 /* Frameworks */,
				4E93E3DD2F3B26D8008CD8C7 /* Products */,
			);
			sourceTree = "<group>";
		};
		4E93E3DD2F3B26D8008CD8C7 /* Products */ = {
			isa = PBXGroup;
			children = (
				4E93E3DC2F3B26D8008CD8C7 /* BusinessHabitDashboardApp.app */,
				4EF23B832F4C5FD200C0AA16 /* HabitWidgetExtension.appex */,
				4E4440602F4D9A6D00BEE41C /* BusinessHabitDashboardAppTests.xctest */,
			);
			name = Products;
			sourceTree = "<group>";
		};
		4EF23B842F4C5FD200C0AA16 /* Frameworks */ = {
			isa = PBXGroup;
			children = (
				4EF23B852F4C5FD200C0AA16 /* WidgetKit.framework */,
				4EF23B872F4C5FD200C0AA16 /* SwiftUI.framework */,
			);
			name = Frameworks;
			sourceTree = "<group>";
		};
/* End PBXGroup section */

/* Begin PBXNativeTarget section */
		4E44405F2F4D9A6D00BEE41C /* BusinessHabitDashboardAppTests */ = {
			isa = PBXNativeTarget;
			buildConfigurationList = 4E4440682F4D9A6D00BEE41C /* Build configuration list for PBXNativeTarget "BusinessHabitDashboardAppTests" */;
			buildPhases = (
				4E44405C2F4D9A6D00BEE41C /* Sources */,
				4E44405D2F4D9A6D00BEE41C /* Frameworks */,
				4E44405E2F4D9A6D00BEE41C /* Resources */,
			);
			buildRules = (
			);
			dependencies = (
				4E4440652F4D9A6D00BEE41C /* PBXTargetDependency */,
			);
			fileSystemSynchronizedGroups = (
				4E4440612F4D9A6D00BEE41C /* BusinessHabitDashboardAppTests */,
			);
			name = BusinessHabitDashboardAppTests;
			packageProductDependencies = (
			);
			productName = BusinessHabitDashboardAppTests;
			productReference = 4E4440602F4D9A6D00BEE41C /* BusinessHabitDashboardAppTests.xctest */;
			productType = "com.apple.product-type.bundle.unit-test";
		};
		4E93E3DB2F3B26D8008CD8C7 /* BusinessHabitDashboardApp */ = {
			isa = PBXNativeTarget;
			buildConfigurationList = 4E93E3E72F3B26DA008CD8C7 /* Build configuration list for PBXNativeTarget "BusinessHabitDashboardApp" */;
			buildPhases = (
				4E93E3D82F3B26D8008CD8C7 /* Sources */,
				4E93E3D92F3B26D8008CD8C7 /* Frameworks */,
				4E93E3DA2F3B26D8008CD8C7 /* Resources */,
				4EF23B982F4C5FD400C0AA16 /* Embed Foundation Extensions */,
			);
			buildRules = (
			);
			dependencies = (
				4EF23B962F4C5FD400C0AA16 /* PBXTargetDependency */,
			);
			fileSystemSynchronizedGroups = (
				4E93E3DE2F3B26D8008CD8C7 /* BusinessHabitDashboardApp */,
			);
			name = BusinessHabitDashboardApp;
			packageProductDependencies = (
				4ED5CF802F4DC25F009A421B /* Auth */,
				4ED5CF822F4DC25F009A421B /* Functions */,
				4ED5CF842F4DC25F009A421B /* PostgREST */,
				4ED5CF862F4DC25F009A421B /* Realtime */,
				4ED5CF882F4DC25F009A421B /* Storage */,
				4E1ECC232F4DC7B7009D22B3 /* Supabase */,
			);
			productName = BusinessHabitDashboardApp;
			productReference = 4E93E3DC2F3B26D8008CD8C7 /* BusinessHabitDashboardApp.app */;
			productType = "com.apple.product-type.application";
		};
		4EF23B822F4C5FD200C0AA16 /* HabitWidgetExtension */ = {
			isa = PBXNativeTarget;
			buildConfigurationList = 4EF23B9B2F4C5FD400C0AA16 /* Build configuration list for PBXNativeTarget "HabitWidgetExtension" */;
			buildPhases = (
				4EF23B7F2F4C5FD200C0AA16 /* Sources */,
				4EF23B802F4C5FD200C0AA16 /* Frameworks */,
				4EF23B812F4C5FD200C0AA16 /* Resources */,
			);
			buildRules = (
			);
			dependencies = (
			);
			fileSystemSynchronizedGroups = (
				4EF23B892F4C5FD200C0AA16 /* HabitWidget */,
			);
			name = HabitWidgetExtension;
			packageProductDependencies = (
			);
			productName = HabitWidgetExtension;
			productReference = 4EF23B832F4C5FD200C0AA16 /* HabitWidgetExtension.appex */;
			productType = "com.apple.product-type.app-extension";
		};
/* End PBXNativeTarget section */

/* Begin PBXProject section */
		4E93E3D42F3B26D8008CD8C7 /* Project object */ = {
			isa = PBXProject;
			attributes = {
				BuildIndependentTargetsInParallel = 1;
				LastSwiftUpdateCheck = 2600;
				LastUpgradeCheck = 2600;
				TargetAttributes = {
					4E44405F2F4D9A6D00BEE41C = {
						CreatedOnToolsVersion = 26.0.1;
						TestTargetID = 4E93E3DB2F3B26D8008CD8C7;
					};
					4E93E3DB2F3B26D8008CD8C7 = {
						CreatedOnToolsVersion = 26.0.1;
					};
					4EF23B822F4C5FD200C0AA16 = {
						CreatedOnToolsVersion = 26.0.1;
					};
				};
			};
			buildConfigurationList = 4E93E3D72F3B26D8008CD8C7 /* Build configuration list for PBXProject "BusinessHabitDashboardApp" */;
			developmentRegion = en;
			hasScannedForEncodings = 0;
			knownRegions = (
				en,
				Base,
			);
			mainGroup = 4E93E3D32F3B26D8008CD8C7;
			minimizedProjectReferenceProxies = 1;
			packageReferences = (
				4ED5CF7F2F4DC25F009A421B /* XCRemoteSwiftPackageReference "supabase-swift" */,
			);
			preferredProjectObjectVersion = 77;
			productRefGroup = 4E93E3DD2F3B26D8008CD8C7 /* Products */;
			projectDirPath = "";
			projectRoot = "";
			targets = (
				4E93E3DB2F3B26D8008CD8C7 /* BusinessHabitDashboardApp */,
				4EF23B822F4C5FD200C0AA16 /* HabitWidgetExtension */,
				4E44405F2F4D9A6D00BEE41C /* BusinessHabitDashboardAppTests */,
			);
		};
/* End PBXProject section */

/* Begin PBXResourcesBuildPhase section */
		4E44405E2F4D9A6D00BEE41C /* Resources */ = {
			isa = PBXResourcesBuildPhase;
			buildActionMask = 2147483647;
			files = (
			);
			runOnlyForDeploymentPostprocessing = 0;
		};
		4E93E3DA2F3B26D8008CD8C7 /* Resources */ = {
			isa = PBXResourcesBuildPhase;
			buildActionMask = 2147483647;
			files = (
			);
			runOnlyForDeploymentPostprocessing = 0;
		};
		4EF23B812F4C5FD200C0AA16 /* Resources */ = {
			isa = PBXResourcesBuildPhase;
			buildActionMask = 2147483647;
			files = (
			);
			runOnlyForDeploymentPostprocessing = 0;
		};
/* End PBXResourcesBuildPhase section */

/* Begin PBXSourcesBuildPhase section */
		4E44405C2F4D9A6D00BEE41C /* Sources */ = {
			isa = PBXSourcesBuildPhase;
			buildActionMask = 2147483647;
			files = (
			);
			runOnlyForDeploymentPostprocessing = 0;
		};
		4E93E3D82F3B26D8008CD8C7 /* Sources */ = {
			isa = PBXSourcesBuildPhase;
			buildActionMask = 2147483647;
			files = (
				4E629DC82F4DE47B009F8DCE /* Model.xcdatamodeld in Sources */,
			);
			runOnlyForDeploymentPostprocessing = 0;
		};
		4EF23B7F2F4C5FD200C0AA16 /* Sources */ = {
			isa = PBXSourcesBuildPhase;
			buildActionMask = 2147483647;
			files = (
			);
			runOnlyForDeploymentPostprocessing = 0;
		};
/* End PBXSourcesBuildPhase section */

/* Begin PBXTargetDependency section */
		4E4440652F4D9A6D00BEE41C /* PBXTargetDependency */ = {
			isa = PBXTargetDependency;
			target = 4E93E3DB2F3B26D8008CD8C7 /* BusinessHabitDashboardApp */;
			targetProxy = 4E4440642F4D9A6D00BEE41C /* PBXContainerItemProxy */;
		};
		4EF23B962F4C5FD400C0AA16 /* PBXTargetDependency */ = {
			isa = PBXTargetDependency;
			target = 4EF23B822F4C5FD200C0AA16 /* HabitWidgetExtension */;
			targetProxy = 4EF23B952F4C5FD400C0AA16 /* PBXContainerItemProxy */;
		};
/* End PBXTargetDependency section */

/* Begin XCBuildConfiguration section */
		4E4440662F4D9A6D00BEE41C /* Debug */ = {
			isa = XCBuildConfiguration;
			buildSettings = {
				BUNDLE_LOADER = "$(TEST_HOST)";
				CODE_SIGN_STYLE = Automatic;
				CURRENT_PROJECT_VERSION = 1;
				GENERATE_INFOPLIST_FILE = YES;
				MARKETING_VERSION = 1.0;
				PRODUCT_BUNDLE_IDENTIFIER = com.BusinessHabitDashboardApp.BusinessHabitDashboardAppTests;
				PRODUCT_NAME = "$(TARGET_NAME)";
				STRING_CATALOG_GENERATE_SYMBOLS = NO;
				SWIFT_APPROACHABLE_CONCURRENCY = YES;
				SWIFT_EMIT_LOC_STRINGS = NO;
				SWIFT_UPCOMING_FEATURE_MEMBER_IMPORT_VISIBILITY = YES;
				SWIFT_VERSION = 5.0;
				TARGETED_DEVICE_FAMILY = "1,2";
				TEST_HOST = "$(BUILT_PRODUCTS_DIR)/BusinessHabitDashboardApp.app/$(BUNDLE_EXECUTABLE_FOLDER_PATH)/BusinessHabitDashboardApp";
			};
			name = Debug;
		};
		4E4440672F4D9A6D00BEE41C /* Release */ = {
			isa = XCBuildConfiguration;
			buildSettings = {
				BUNDLE_LOADER = "$(TEST_HOST)";
				CODE_SIGN_STYLE = Automatic;
				CURRENT_PROJECT_VERSION = 1;
				GENERATE_INFOPLIST_FILE = YES;
				MARKETING_VERSION = 1.0;
				PRODUCT_BUNDLE_IDENTIFIER = com.BusinessHabitDashboardApp.BusinessHabitDashboardAppTests;
				PRODUCT_NAME = "$(TARGET_NAME)";
				STRING_CATALOG_GENERATE_SYMBOLS = NO;
				SWIFT_APPROACHABLE_CONCURRENCY = YES;
				SWIFT_EMIT_LOC_STRINGS = NO;
				SWIFT_UPCOMING_FEATURE_MEMBER_IMPORT_VISIBILITY = YES;
				SWIFT_VERSION = 5.0;
				TARGETED_DEVICE_FAMILY = "1,2";
				TEST_HOST = "$(BUILT_PRODUCTS_DIR)/BusinessHabitDashboardApp.app/$(BUNDLE_EXECUTABLE_FOLDER_PATH)/BusinessHabitDashboardApp";
			};
			name = Release;
		};
		4E93E3E52F3B26DA008CD8C7 /* Debug */ = {
			isa = XCBuildConfiguration;
			buildSettings = {
				ALWAYS_SEARCH_USER_PATHS = NO;
				ASSETCATALOG_COMPILER_GENERATE_SWIFT_ASSET_SYMBOL_EXTENSIONS = YES;
				CLANG_ANALYZER_NONNULL = YES;
				CLANG_ANALYZER_NUMBER_OBJECT_CONVERSION = YES_AGGRESSIVE;
				CLANG_CXX_LANGUAGE_STANDARD = "gnu++20";
				CLANG_ENABLE_MODULES = YES;
				CLANG_ENABLE_OBJC_ARC = YES;
				CLANG_ENABLE_OBJC_WEAK = YES;
				CLANG_WARN_BLOCK_CAPTURE_AUTORELEASING = YES;
				CLANG_WARN_BOOL_CONVERSION = YES;
				CLANG_WARN_COMMA = YES;
				CLANG_WARN_CONSTANT_CONVERSION = YES;
				CLANG_WARN_DEPRECATED_OBJC_IMPLEMENTATIONS = YES;
				CLANG_WARN_DIRECT_OBJC_ISA_USAGE = YES_ERROR;
				CLANG_WARN_DOCUMENTATION_COMMENTS = YES;
				CLANG_WARN_EMPTY_BODY = YES;
				CLANG_WARN_ENUM_CONVERSION = YES;
				CLANG_WARN_INFINITE_RECURSION = YES;
				CLANG_WARN_INT_CONVERSION = YES;
				CLANG_WARN_NON_LITERAL_NULL_CONVERSION = YES;
				CLANG_WARN_OBJC_IMPLICIT_RETAIN_SELF = YES;
				CLANG_WARN_OBJC_LITERAL_CONVERSION = YES;
				CLANG_WARN_OBJC_ROOT_CLASS = YES_ERROR;
				CLANG_WARN_QUOTED_INCLUDE_IN_FRAMEWORK_HEADER = YES;
				CLANG_WARN_RANGE_LOOP_ANALYSIS = YES;
				CLANG_WARN_STRICT_PROTOTYPES = YES;
				CLANG_WARN_SUSPICIOUS_MOVE = YES;
				CLANG_WARN_UNGUARDED_AVAILABILITY = YES_AGGRESSIVE;
				CLANG_WARN_UNREACHABLE_CODE = YES;
				CLANG_WARN__DUPLICATE_METHOD_MATCH = YES;
				COPY_PHASE_STRIP = NO;
				DEBUG_INFORMATION_FORMAT = dwarf;
				ENABLE_STRICT_OBJC_MSGSEND = YES;
				ENABLE_TESTABILITY = YES;
				ENABLE_USER_SCRIPT_SANDBOXING = YES;
				GCC_C_LANGUAGE_STANDARD = gnu17;
				GCC_DYNAMIC_NO_PIC = NO;
				GCC_NO_COMMON_BLOCKS = YES;
				GCC_OPTIMIZATION_LEVEL = 0;
				GCC_PREPROCESSOR_DEFINITIONS = (
					"DEBUG=1",
					"$(inherited)",
				);
				GCC_WARN_64_TO_32_BIT_CONVERSION = YES;
				GCC_WARN_ABOUT_RETURN_TYPE = YES_ERROR;
				GCC_WARN_UNDECLARED_SELECTOR = YES;
				GCC_WARN_UNINITIALIZED_AUTOS = YES_AGGRESSIVE;
				GCC_WARN_UNUSED_FUNCTION = YES;
				GCC_WARN_UNUSED_VARIABLE = YES;
				IPHONEOS_DEPLOYMENT_TARGET = 26.0;
				LOCALIZATION_PREFERS_STRING_CATALOGS = YES;
				MTL_ENABLE_DEBUG_INFO = INCLUDE_SOURCE;
				MTL_FAST_MATH = YES;
				ONLY_ACTIVE_ARCH = YES;
				SDKROOT = iphoneos;
				SWIFT_ACTIVE_COMPILATION_CONDITIONS = "DEBUG $(inherited)";
				SWIFT_OPTIMIZATION_LEVEL = "-Onone";
			};
			name = Debug;
		};
		4E93E3E62F3B26DA008CD8C7 /* Release */ = {
			isa = XCBuildConfiguration;
			buildSettings = {
				ALWAYS_SEARCH_USER_PATHS = NO;
				ASSETCATALOG_COMPILER_GENERATE_SWIFT_ASSET_SYMBOL_EXTENSIONS = YES;
				CLANG_ANALYZER_NONNULL = YES;
				CLANG_ANALYZER_NUMBER_OBJECT_CONVERSION = YES_AGGRESSIVE;
				CLANG_CXX_LANGUAGE_STANDARD = "gnu++20";
				CLANG_ENABLE_MODULES = YES;
				CLANG_ENABLE_OBJC_ARC = YES;
				CLANG_ENABLE_OBJC_WEAK = YES;
				CLANG_WARN_BLOCK_CAPTURE_AUTORELEASING = YES;
				CLANG_WARN_BOOL_CONVERSION = YES;
				CLANG_WARN_COMMA = YES;
				CLANG_WARN_CONSTANT_CONVERSION = YES;
				CLANG_WARN_DEPRECATED_OBJC_IMPLEMENTATIONS = YES;
				CLANG_WARN_DIRECT_OBJC_ISA_USAGE = YES_ERROR;
				CLANG_WARN_DOCUMENTATION_COMMENTS = YES;
				CLANG_WARN_EMPTY_BODY = YES;
				CLANG_WARN_ENUM_CONVERSION = YES;
				CLANG_WARN_INFINITE_RECURSION = YES;
				CLANG_WARN_INT_CONVERSION = YES;
				CLANG_WARN_NON_LITERAL_NULL_CONVERSION = YES;
				CLANG_WARN_OBJC_IMPLICIT_RETAIN_SELF = YES;
				CLANG_WARN_OBJC_LITERAL_CONVERSION = YES;
				CLANG_WARN_OBJC_ROOT_CLASS = YES_ERROR;
				CLANG_WARN_QUOTED_INCLUDE_IN_FRAMEWORK_HEADER = YES;
				CLANG_WARN_RANGE_LOOP_ANALYSIS = YES;
				CLANG_WARN_STRICT_PROTOTYPES = YES;
				CLANG_WARN_SUSPICIOUS_MOVE = YES;
				CLANG_WARN_UNGUARDED_AVAILABILITY = YES_AGGRESSIVE;
				CLANG_WARN_UNREACHABLE_CODE = YES;
				CLANG_WARN__DUPLICATE_METHOD_MATCH = YES;
				COPY_PHASE_STRIP = NO;
				DEBUG_INFORMATION_FORMAT = "dwarf-with-dsym";
				ENABLE_NS_ASSERTIONS = NO;
				ENABLE_STRICT_OBJC_MSGSEND = YES;
				ENABLE_USER_SCRIPT_SANDBOXING = YES;
				GCC_C_LANGUAGE_STANDARD = gnu17;
				GCC_NO_COMMON_BLOCKS = YES;
				GCC_WARN_64_TO_32_BIT_CONVERSION = YES;
				GCC_WARN_ABOUT_RETURN_TYPE = YES_ERROR;
				GCC_WARN_UNDECLARED_SELECTOR = YES;
				GCC_WARN_UNINITIALIZED_AUTOS = YES_AGGRESSIVE;
				GCC_WARN_UNUSED_FUNCTION = YES;
				GCC_WARN_UNUSED_VARIABLE = YES;
				IPHONEOS_DEPLOYMENT_TARGET = 26.0;
				LOCALIZATION_PREFERS_STRING_CATALOGS = YES;
				MTL_ENABLE_DEBUG_INFO = NO;
				MTL_FAST_MATH = YES;
				SDKROOT = iphoneos;
				SWIFT_COMPILATION_MODE = wholemodule;
				VALIDATE_PRODUCT = YES;
			};
			name = Release;
		};
		4E93E3E82F3B26DA008CD8C7 /* Debug */ = {
			isa = XCBuildConfiguration;
			buildSettings = {
				ASSETCATALOG_COMPILER_APPICON_NAME = AppIcon;
				ASSETCATALOG_COMPILER_GLOBAL_ACCENT_COLOR_NAME = AccentColor;
				CODE_SIGN_ENTITLEMENTS = BusinessHabitDashboardApp/BusinessHabitDashboardApp.entitlements;
				CODE_SIGN_STYLE = Automatic;
				CURRENT_PROJECT_VERSION = 1;
				DEVELOPMENT_TEAM = "";
				ENABLE_PREVIEWS = YES;
				GENERATE_INFOPLIST_FILE = YES;
				INFOPLIST_FILE = BusinessHabitDashboardApp/Info.plist;
				INFOPLIST_KEY_UIApplicationSceneManifest_Generation = YES;
				INFOPLIST_KEY_UIApplicationSupportsIndirectInputEvents = YES;
				INFOPLIST_KEY_UILaunchScreen_Generation = YES;
				INFOPLIST_KEY_UISupportedInterfaceOrientations_iPad = "UIInterfaceOrientationPortrait UIInterfaceOrientationPortraitUpsideDown UIInterfaceOrientationLandscapeLeft UIInterfaceOrientationLandscapeRight";
				INFOPLIST_KEY_UISupportedInterfaceOrientations_iPhone = "UIInterfaceOrientationPortrait UIInterfaceOrientationLandscapeLeft UIInterfaceOrientationLandscapeRight";
				LD_RUNPATH_SEARCH_PATHS = (
					"$(inherited)",
					"@executable_path/Frameworks",
				);
				MARKETING_VERSION = 1.0;
				PRODUCT_BUNDLE_IDENTIFIER = com.BusinessHabitDashboardApp.BusinessHabitDashboardApp;
				PRODUCT_NAME = "$(TARGET_NAME)";
				STRING_CATALOG_GENERATE_SYMBOLS = YES;
				SWIFT_APPROACHABLE_CONCURRENCY = YES;
				SWIFT_DEFAULT_ACTOR_ISOLATION = MainActor;
				SWIFT_EMIT_LOC_STRINGS = YES;
				SWIFT_UPCOMING_FEATURE_MEMBER_IMPORT_VISIBILITY = YES;
				SWIFT_VERSION = 5.0;
				TARGETED_DEVICE_FAMILY = "1,2";
			};
			name = Debug;
		};
		4E93E3E92F3B26DA008CD8C7 /* Release */ = {
			isa = XCBuildConfiguration;
			buildSettings = {
				ASSETCATALOG_COMPILER_APPICON_NAME = AppIcon;
				ASSETCATALOG_COMPILER_GLOBAL_ACCENT_COLOR_NAME = AccentColor;
				CODE_SIGN_ENTITLEMENTS = BusinessHabitDashboardApp/BusinessHabitDashboardApp.entitlements;
				CODE_SIGN_STYLE = Automatic;
				CURRENT_PROJECT_VERSION = 1;
				DEVELOPMENT_TEAM = "";
				ENABLE_PREVIEWS = YES;
				GENERATE_INFOPLIST_FILE = YES;
				INFOPLIST_FILE = BusinessHabitDashboardApp/Info.plist;
				INFOPLIST_KEY_UIApplicationSceneManifest_Generation = YES;
				INFOPLIST_KEY_UIApplicationSupportsIndirectInputEvents = YES;
				INFOPLIST_KEY_UILaunchScreen_Generation = YES;
				INFOPLIST_KEY_UISupportedInterfaceOrientations_iPad = "UIInterfaceOrientationPortrait UIInterfaceOrientationPortraitUpsideDown UIInterfaceOrientationLandscapeLeft UIInterfaceOrientationLandscapeRight";
				INFOPLIST_KEY_UISupportedInterfaceOrientations_iPhone = "UIInterfaceOrientationPortrait UIInterfaceOrientationLandscapeLeft UIInterfaceOrientationLandscapeRight";
				LD_RUNPATH_SEARCH_PATHS = (
					"$(inherited)",
					"@executable_path/Frameworks",
				);
				MARKETING_VERSION = 1.0;
				PRODUCT_BUNDLE_IDENTIFIER = com.BusinessHabitDashboardApp.BusinessHabitDashboardApp;
				PRODUCT_NAME = "$(TARGET_NAME)";
				STRING_CATALOG_GENERATE_SYMBOLS = YES;
				SWIFT_APPROACHABLE_CONCURRENCY = YES;
				SWIFT_DEFAULT_ACTOR_ISOLATION = MainActor;
				SWIFT_EMIT_LOC_STRINGS = YES;
				SWIFT_UPCOMING_FEATURE_MEMBER_IMPORT_VISIBILITY = YES;
				SWIFT_VERSION = 5.0;
				TARGETED_DEVICE_FAMILY = "1,2";
			};
			name = Release;
		};
		4EF23B992F4C5FD400C0AA16 /* Debug */ = {
			isa = XCBuildConfiguration;
			buildSettings = {
				ASSETCATALOG_COMPILER_GLOBAL_ACCENT_COLOR_NAME = AccentColor;
				ASSETCATALOG_COMPILER_WIDGET_BACKGROUND_COLOR_NAME = WidgetBackground;
				CODE_SIGN_ENTITLEMENTS = HabitWidgetExtension.entitlements;
				CODE_SIGN_STYLE = Automatic;
				CURRENT_PROJECT_VERSION = 1;
				DEVELOPMENT_TEAM = "";
				GENERATE_INFOPLIST_FILE = YES;
				INFOPLIST_FILE = HabitWidget/Info.plist;
				INFOPLIST_KEY_CFBundleDisplayName = HabitWidget;
				INFOPLIST_KEY_NSHumanReadableCopyright = "";
				LD_RUNPATH_SEARCH_PATHS = (
					"$(inherited)",
					"@executable_path/Frameworks",
					"@executable_path/../../Frameworks",
				);
				MARKETING_VERSION = 1.0;
				PRODUCT_BUNDLE_IDENTIFIER = com.BusinessHabitDashboardApp.BusinessHabitDashboardApp.HabitWidget;
				PRODUCT_NAME = "$(TARGET_NAME)";
				SKIP_INSTALL = YES;
				STRING_CATALOG_GENERATE_SYMBOLS = YES;
				SWIFT_APPROACHABLE_CONCURRENCY = YES;
				SWIFT_EMIT_LOC_STRINGS = YES;
				SWIFT_UPCOMING_FEATURE_MEMBER_IMPORT_VISIBILITY = YES;
				SWIFT_VERSION = 5.0;
				TARGETED_DEVICE_FAMILY = "1,2";
			};
			name = Debug;
		};
		4EF23B9A2F4C5FD400C0AA16 /* Release */ = {
			isa = XCBuildConfiguration;
			buildSettings = {
				ASSETCATALOG_COMPILER_GLOBAL_ACCENT_COLOR_NAME = AccentColor;
				ASSETCATALOG_COMPILER_WIDGET_BACKGROUND_COLOR_NAME = WidgetBackground;
				CODE_SIGN_ENTITLEMENTS = HabitWidgetExtension.entitlements;
				CODE_SIGN_STYLE = Automatic;
				CURRENT_PROJECT_VERSION = 1;
				DEVELOPMENT_TEAM = "";
				GENERATE_INFOPLIST_FILE = YES;
				INFOPLIST_FILE = HabitWidget/Info.plist;
				INFOPLIST_KEY_CFBundleDisplayName = HabitWidget;
				INFOPLIST_KEY_NSHumanReadableCopyright = "";
				LD_RUNPATH_SEARCH_PATHS = (
					"$(inherited)",
					"@executable_path/Frameworks",
					"@executable_path/../../Frameworks",
				);
				MARKETING_VERSION = 1.0;
				PRODUCT_BUNDLE_IDENTIFIER = com.BusinessHabitDashboardApp.BusinessHabitDashboardApp.HabitWidget;
				PRODUCT_NAME = "$(TARGET_NAME)";
				SKIP_INSTALL = YES;
				STRING_CATALOG_GENERATE_SYMBOLS = YES;
				SWIFT_APPROACHABLE_CONCURRENCY = YES;
				SWIFT_EMIT_LOC_STRINGS = YES;
				SWIFT_UPCOMING_FEATURE_MEMBER_IMPORT_VISIBILITY = YES;
				SWIFT_VERSION = 5.0;
				TARGETED_DEVICE_FAMILY = "1,2";
			};
			name = Release;
		};
/* End XCBuildConfiguration section */

/* Begin XCConfigurationList section */
		4E4440682F4D9A6D00BEE41C /* Build configuration list for PBXNativeTarget "BusinessHabitDashboardAppTests" */ = {
			isa = XCConfigurationList;
			buildConfigurations = (
				4E4440662F4D9A6D00BEE41C /* Debug */,
				4E4440672F4D9A6D00BEE41C /* Release */,
			);
			defaultConfigurationIsVisible = 0;
			defaultConfigurationName = Release;
		};
		4E93E3D72F3B26D8008CD8C7 /* Build configuration list for PBXProject "BusinessHabitDashboardApp" */ = {
			isa = XCConfigurationList;
			buildConfigurations = (
				4E93E3E52F3B26DA008CD8C7 /* Debug */,
				4E93E3E62F3B26DA008CD8C7 /* Release */,
			);
			defaultConfigurationIsVisible = 0;
			defaultConfigurationName = Release;
		};
		4E93E3E72F3B26DA008CD8C7 /* Build configuration list for PBXNativeTarget "BusinessHabitDashboardApp" */ = {
			isa = XCConfigurationList;
			buildConfigurations = (
				4E93E3E82F3B26DA008CD8C7 /* Debug */,
				4E93E3E92F3B26DA008CD8C7 /* Release */,
			);
			defaultConfigurationIsVisible = 0;
			defaultConfigurationName = Release;
		};
		4EF23B9B2F4C5FD400C0AA16 /* Build configuration list for PBXNativeTarget "HabitWidgetExtension" */ = {
			isa = XCConfigurationList;
			buildConfigurations = (
				4EF23B992F4C5FD400C0AA16 /* Debug */,
				4EF23B9A2F4C5FD400C0AA16 /* Release */,
			);
			defaultConfigurationIsVisible = 0;
			defaultConfigurationName = Release;
		};
/* End XCConfigurationList section */

/* Begin XCRemoteSwiftPackageReference section */
		4ED5CF7F2F4DC25F009A421B /* XCRemoteSwiftPackageReference "supabase-swift" */ = {
			isa = XCRemoteSwiftPackageReference;
			repositoryURL = "https://github.com/supabase/supabase-swift";
			requirement = {
				kind = upToNextMajorVersion;
				minimumVersion = 2.5.1;
			};
		};
/* End XCRemoteSwiftPackageReference section */

/* Begin XCSwiftPackageProductDependency section */
		4E1ECC232F4DC7B7009D22B3 /* Supabase */ = {
			isa = XCSwiftPackageProductDependency;
			package = 4ED5CF7F2F4DC25F009A421B /* XCRemoteSwiftPackageReference "supabase-swift" */;
			productName = Supabase;
		};
		4ED5CF802F4DC25F009A421B /* Auth */ = {
			isa = XCSwiftPackageProductDependency;
			package = 4ED5CF7F2F4DC25F009A421B /* XCRemoteSwiftPackageReference "supabase-swift" */;
			productName = Auth;
		};
		4ED5CF822F4DC25F009A421B /* Functions */ = {
			isa = XCSwiftPackageProductDependency;
			package = 4ED5CF7F2F4DC25F009A421B /* XCRemoteSwiftPackageReference "supabase-swift" */;
			productName = Functions;
		};
		4ED5CF842F4DC25F009A421B /* PostgREST */ = {
			isa = XCSwiftPackageProductDependency;
			package = 4ED5CF7F2F4DC25F009A421B /* XCRemoteSwiftPackageReference "supabase-swift" */;
			productName = PostgREST;
		};
		4ED5CF862F4DC25F009A421B /* Realtime */ = {
			isa = XCSwiftPackageProductDependency;
			package = 4ED5CF7F2F4DC25F009A421B /* XCRemoteSwiftPackageReference "supabase-swift" */;
			productName = Realtime;
		};
		4ED5CF882F4DC25F009A421B /* Storage */ = {
			isa = XCSwiftPackageProductDependency;
			package = 4ED5CF7F2F4DC25F009A421B /* XCRemoteSwiftPackageReference "supabase-swift" */;
			productName = Storage;
		};
/* End XCSwiftPackageProductDependency section */

/* Begin XCVersionGroup section */
		4E629DC62F4DE47B009F8DCE /* Model.xcdatamodeld */ = {
			isa = XCVersionGroup;
			children = (
				4E629DC72F4DE47B009F8DCE /* Model.xcdatamodel */,
			);
			currentVersion = 4E629DC72F4DE47B009F8DCE /* Model.xcdatamodel */;
			path = Model.xcdatamodeld;
			sourceTree = "<group>";
			versionGroupType = wrapper.xcdatamodel;
		};
/* End XCVersionGroup section */
	};
	rootObject = 4E93E3D42F3B26D8008CD8C7 /* Project object */;
}
